
Microsoft Visual Studio Solution File, Format Version 12.00
# Visual Studio 15
VisualStudioVersion = 15.5.2.0
MinimumVisualStudioVersion = 10.0.40219.1
Project("{FAE04EC0-301F-11D3-BF4B-00C04F79EFBC}") = "ZambiesV3", "ZambiesV3\ZambiesV3.csproj", "{0BA9D0CC-33E5-4E3D-8A30-AABBCFCAA16C}"
EndProject
Global
	GlobalSection(SolutionConfigurationPlatforms) = preSolution
		Debug|Any CPU = Debug|Any CPU
		Release|Any CPU = Release|Any CPU
	EndGlobalSection
	GlobalSection(ProjectConfigurationPlatforms) = postSolution
		{0BA9D0CC-33E5-4E3D-8A30-AABBCFCAA16C}.Debug|Any CPU.ActiveCfg = Debug|Any CPU
		{0BA9D0CC-33E5-4E3D-8A30-AABBCFCAA16C}.Debug|Any CPU.Build.0 = Debug|Any CPU
		{0BA9D0CC-33E5-4E3D-8A30-AABBCFCAA16C}.Release|Any CPU.ActiveCfg = Release|Any CPU
		{0BA9D0CC-33E5-4E3D-8A30-AABBCFCAA16C}.Release|Any CPU.Build.0 = Release|Any CPU
	EndGlobalSection
	GlobalSection(SolutionProperties) = preSolution
		HideSolutionNode = FALSE
	EndGlobalSection
EndGlobal
